Microsoft Visual Studio Solution File, Format Version 12.00
# Visual Studio Version 17
VisualStudioVersion = 17.5.2.0
MinimumVisualStudioVersion = 10.0.40219.1
Project("{FAE04EC0-301F-11D3-BF4B-00C04F79EFBC}") = "ProcessEventPics.Maui", "ProcessEventPics.Maui.csproj", "{AAB74615-7882-1192-6475-9AB4A8845CFA}"
EndProject
Global
	GlobalSection(SolutionConfigurationPlatforms) = preSolution
		Debug|Any CPU = Debug|Any CPU
		Release|Any CPU = Release|Any CPU
	EndGlobalSection
	GlobalSection(ProjectConfigurationPlatforms) = postSolution
		{AAB74615-7882-1192-6475-9AB4A8845CFA}.Debug|Any CPU.ActiveCfg = Debug|Any CPU
		{AAB74615-7882-1192-6475-9AB4A8845CFA}.Debug|Any CPU.Build.0 = Debug|Any CPU
		{AAB74615-7882-1192-6475-9AB4A8845CFA}.Release|Any CPU.ActiveCfg = Release|Any CPU
		{AAB74615-7882-1192-6475-9AB4A8845CFA}.Release|Any CPU.Build.0 = Release|Any CPU
	EndGlobalSection
	GlobalSection(SolutionProperties) = preSolution
		HideSolutionNode = FALSE
	EndGlobalSection
	GlobalSection(ExtensibilityGlobals) = postSolution
		SolutionGuid = {497D886A-AEDE-46CA-B1EA-F4922902D61D}
	EndGlobalSection
EndGlobal
